
Microsoft Visual Studio Solution File, Format Version 12.00
# Visual Studio 15
VisualStudioVersion = 15.0.27004.2006
MinimumVisualStudioVersion = 10.0.40219.1
Project("{FAE04EC0-301F-11D3-BF4B-00C04F79EFBC}") = "GIM", "GIM\GIM.csproj", "{479820BB-7868-4C53-9524-AF607B8AA97F}"
EndProject
Global
	GlobalSection(SolutionConfigurationPlatforms) = preSolution
		Debug|Any CPU = Debug|Any CPU
		Release|Any CPU = Release|Any CPU
	EndGlobalSection
	GlobalSection(ProjectConfigurationPlatforms) = postSolution
		{479820BB-7868-4C53-9524-AF607B8AA97F}.Debug|Any CPU.ActiveCfg = Debug|Any CPU
		{479820BB-7868-4C53-9524-AF607B8AA97F}.Debug|Any CPU.Build.0 = Debug|Any CPU
		{479820BB-7868-4C53-9524-AF607B8AA97F}.Release|Any CPU.ActiveCfg = Release|Any CPU
		{479820BB-7868-4C53-9524-AF607B8AA97F}.Release|Any CPU.Build.0 = Release|Any CPU
	EndGlobalSection
	GlobalSection(SolutionProperties) = preSolution
		HideSolutionNode = FALSE
	EndGlobalSection
	GlobalSection(ExtensibilityGlobals) = postSolution
		SolutionGuid = {843273B1-184B-4FE3-9530-896FBEFE0381}
	EndGlobalSection
EndGlobal
